// !$*UTF8*$!
{
	archiveVersion = 1;
	classes = {
	};
	objectVersion = 46;
	objects = {

/* Begin PBXBuildFile section */
		8712DE101E5530AD00859F59 /* AddGoalView.swift in Sources */ = {isa = PBXBuildFile; fileRef = 8712DE0F1E5530AD00859F59 /* AddGoalView.swift */; };
		872E9D491E282BBD007536D5 /* PersistantStorageCoordinator.swift in Sources */ = {isa = PBXBuildFile; fileRef = 872E9D481E282BBD007536D5 /* PersistantStorageCoordinator.swift */; };
		8733C53E1E64E2F900B67BA4 /* GoalsPickerViewDataSource.swift in Sources */ = {isa = PBXBuildFile; fileRef = 8733C53D1E64E2F900B67BA4 /* GoalsPickerViewDataSource.swift */; };
		8736ACBE1DED0FDC00C19CC9 /* CircularProgressLabel.swift in Sources */ = {isa = PBXBuildFile; fileRef = 8736ACBD1DED0FDC00C19CC9 /* CircularProgressLabel.swift */; };
		8736ACC01DED1DFD00C19CC9 /* AddProteinOptionsView.swift in Sources */ = {isa = PBXBuildFile; fileRef = 8736ACBF1DED1DFD00C19CC9 /* AddProteinOptionsView.swift */; };
		8736ACC81DEF41F300C19CC9 /* AddMealView.swift in Sources */ = {isa = PBXBuildFile; fileRef = 8736ACC71DEF41F300C19CC9 /* AddMealView.swift */; };
		8737E0241E5BFB2400C53E60 /* ResetDayView.xib in Resources */ = {isa = PBXBuildFile; fileRef = 8737E0231E5BFB2400C53E60 /* ResetDayView.xib */; };
		873FC6FB1E5BEBC700DCCE6F /* AddMealView.xib in Resources */ = {isa = PBXBuildFile; fileRef = 873FC6FA1E5BEBC700DCCE6F /* AddMealView.xib */; };
		877012B71E777A2D002FF9E3 /* MealSearhResultCell.swift in Sources */ = {isa = PBXBuildFile; fileRef = 877012B51E777A2D002FF9E3 /* MealSearhResultCell.swift */; };
		877012BB1E778008002FF9E3 /* FillerCell.swift in Sources */ = {isa = PBXBuildFile; fileRef = 877012B91E778008002FF9E3 /* FillerCell.swift */; };
		8772CE591D81D82000A7DD7E /* AppDelegate.swift in Sources */ = {isa = PBXBuildFile; fileRef = 8772CE581D81D82000A7DD7E /* AppDelegate.swift */; };
		8772CE5E1D81D82000A7DD7E /* Main.storyboard in Resources */ = {isa = PBXBuildFile; fileRef = 8772CE5C1D81D82000A7DD7E /* Main.storyboard */; };
		8772CE611D81D82000A7DD7E /* HealthyMenu.xcdatamodeld in Sources */ = {isa = PBXBuildFile; fileRef = 8772CE5F1D81D82000A7DD7E /* HealthyMenu.xcdatamodeld */; };
		8772CE631D81D82000A7DD7E /* Assets.xcassets in Resources */ = {isa = PBXBuildFile; fileRef = 8772CE621D81D82000A7DD7E /* Assets.xcassets */; };
		8772CE661D81D82000A7DD7E /* LaunchScreen.storyboard in Resources */ = {isa = PBXBuildFile; fileRef = 8772CE641D81D82000A7DD7E /* LaunchScreen.storyboard */; };
		8772CE711D81D82000A7DD7E /* HealthyMenuTests.swift in Sources */ = {isa = PBXBuildFile; fileRef = 8772CE701D81D82000A7DD7E /* HealthyMenuTests.swift */; };
		8772CE7C1D81D82000A7DD7E /* HealthyMenuUITests.swift in Sources */ = {isa = PBXBuildFile; fileRef = 8772CE7B1D81D82000A7DD7E /* HealthyMenuUITests.swift */; };
		8772CE8A1D81D91C00A7DD7E /* HomeView.swift in Sources */ = {isa = PBXBuildFile; fileRef = 8772CE891D81D91C00A7DD7E /* HomeView.swift */; };
		8772CE8C1D81DB0800A7DD7E /* Extensions.swift in Sources */ = {isa = PBXBuildFile; fileRef = 8772CE8B1D81DB0800A7DD7E /* Extensions.swift */; };
		877AD94A1DE351760090683F /* SearchResultItem.swift in Sources */ = {isa = PBXBuildFile; fileRef = 877AD9491DE351760090683F /* SearchResultItem.swift */; };
		877AD94E1DE3CAF50090683F /* ActivityIndicatorView.swift in Sources */ = {isa = PBXBuildFile; fileRef = 877AD94D1DE3CAF50090683F /* ActivityIndicatorView.swift */; };
		877AD9501DE5073D0090683F /* CircledLabel.swift in Sources */ = {isa = PBXBuildFile; fileRef = 877AD94F1DE5073D0090683F /* CircledLabel.swift */; };
		878F74411E809E1A00363A3B /* AppearanceManager.swift in Sources */ = {isa = PBXBuildFile; fileRef = 878F74401E809E1A00363A3B /* AppearanceManager.swift */; };
		879B3C211E78C2230070C14B /* MealSearchViewController.swift in Sources */ = {isa = PBXBuildFile; fileRef = 879B3C201E78C2230070C14B /* MealSearchViewController.swift */; };
		879B3C251E7ACC5F0070C14B /* GoalExtensions.swift in Sources */ = {isa = PBXBuildFile; fileRef = 879B3C241E7ACC5F0070C14B /* GoalExtensions.swift */; };
		879B3C271E7ACD010070C14B /* DayExtension.swift in Sources */ = {isa = PBXBuildFile; fileRef = 879B3C261E7ACD010070C14B /* DayExtension.swift */; };
		879B3C291E7ACD6B0070C14B /* FetchResquestExtensions.swift in Sources */ = {isa = PBXBuildFile; fileRef = 879B3C281E7ACD6B0070C14B /* FetchResquestExtensions.swift */; };
		879B3C2B1E7ACDBC0070C14B /* ManagedObjectExtensions.swift in Sources */ = {isa = PBXBuildFile; fileRef = 879B3C2A1E7ACDBC0070C14B /* ManagedObjectExtensions.swift */; };
		87ABB7861E555AA700024849 /* AddGoalView.xib in Resources */ = {isa = PBXBuildFile; fileRef = 87ABB7851E555AA700024849 /* AddGoalView.xib */; };
		87EE3CB01E6FD8E3007B1EDF /* GoalDaysCircularChart.swift in Sources */ = {isa = PBXBuildFile; fileRef = 87EE3CAF1E6FD8E3007B1EDF /* GoalDaysCircularChart.swift */; };
		87F46E701E36BE3100230225 /* HistoryViewController.swift in Sources */ = {isa = PBXBuildFile; fileRef = 87F46E6F1E36BE3100230225 /* HistoryViewController.swift */; };
		87FB48FA1E4C043C0076049F /* ResetDayView.swift in Sources */ = {isa = PBXBuildFile; fileRef = 87FB48F91E4C043C0076049F /* ResetDayView.swift */; };
/* End PBXBuildFile section */

/* Begin PBXContainerItemProxy section */
		8772CE6D1D81D82000A7DD7E /* PBXContainerItemProxy */ = {
			isa = PBXContainerItemProxy;
			containerPortal = 8772CE4D1D81D82000A7DD7E /* Project object */;
			proxyType = 1;
			remoteGlobalIDString = 8772CE541D81D82000A7DD7E;
			remoteInfo = HealthyMenu;
		};
		8772CE781D81D82000A7DD7E /* PBXContainerItemProxy */ = {
			isa = PBXContainerItemProxy;
			containerPortal = 8772CE4D1D81D82000A7DD7E /* Project object */;
			proxyType = 1;
			remoteGlobalIDString = 8772CE541D81D82000A7DD7E;
			remoteInfo = HealthyMenu;
		};
/* End PBXContainerItemProxy section */

/* Begin PBXFileReference section */
		8712DE0F1E5530AD00859F59 /* AddGoalView.swift */ = {isa = PBXFileReference; fileEncoding = 4; lastKnownFileType = sourcecode.swift; name = AddGoalView.swift; path = ../AddGoalView.swift; sourceTree = "<group>"; };
		872E9D481E282BBD007536D5 /* PersistantStorageCoordinator.swift */ = {isa = PBXFileReference; fileEncoding = 4; lastKnownFileType = sourcecode.swift; name = PersistantStorageCoordinator.swift; path = ../PersistantStorageCoordinator.swift; sourceTree = "<group>"; };
		8733C53D1E64E2F900B67BA4 /* GoalsPickerViewDataSource.swift */ = {isa = PBXFileReference; fileEncoding = 4; lastKnownFileType = sourcecode.swift; name = GoalsPickerViewDataSource.swift; path = ../GoalsPickerViewDataSource.swift; sourceTree = "<group>"; };
		8736ACBD1DED0FDC00C19CC9 /* CircularProgressLabel.swift */ = {isa = PBXFileReference; fileEncoding = 4; lastKnownFileType = sourcecode.swift; name = CircularProgressLabel.swift; path = ../CircularProgressLabel.swift; sourceTree = "<group>"; };
		8736ACBF1DED1DFD00C19CC9 /* AddProteinOptionsView.swift */ = {isa = PBXFileReference; fileEncoding = 4; lastKnownFileType = sourcecode.swift; path = AddProteinOptionsView.swift; sourceTree = "<group>"; };
		8736ACC71DEF41F300C19CC9 /* AddMealView.swift */ = {isa = PBXFileReference; fileEncoding = 4; lastKnownFileType = sourcecode.swift; path = AddMealView.swift; sourceTree = "<group>"; };
		8737E0231E5BFB2400C53E60 /* ResetDayView.xib */ = {isa = PBXFileReference; fileEncoding = 4; lastKnownFileType = file.xib; path = ResetDayView.xib; sourceTree = "<group>"; };
		873FC6FA1E5BEBC700DCCE6F /* AddMealView.xib */ = {isa = PBXFileReference; fileEncoding = 4; lastKnownFileType = file.xib; name = AddMealView.xib; path = ../AddMealView.xib; sourceTree = "<group>"; };
		877012B51E777A2D002FF9E3 /* MealSearhResultCell.swift */ = {isa = PBXFileReference; fileEncoding = 4; lastKnownFileType = sourcecode.swift; path = MealSearhResultCell.swift; sourceTree = "<group>"; };
		877012B91E778008002FF9E3 /* FillerCell.swift */ = {isa = PBXFileReference; fileEncoding = 4; lastKnownFileType = sourcecode.swift; path = FillerCell.swift; sourceTree = "<group>"; };
		8772CE551D81D82000A7DD7E /* HealthyMenu.app */ = {isa = PBXFileReference; explicitFileType = wrapper.application; includeInIndex = 0; path = HealthyMenu.app; sourceTree = BUILT_PRODUCTS_DIR; };
		8772CE581D81D82000A7DD7E /* AppDelegate.swift */ = {isa = PBXFileReference; lastKnownFileType = sourcecode.swift; path = AppDelegate.swift; sourceTree = "<group>"; };
		8772CE5D1D81D82000A7DD7E /* Base */ = {isa = PBXFileReference; lastKnownFileType = file.storyboard; name = Base; path = Base.lproj/Main.storyboard; sourceTree = "<group>"; };
		8772CE601D81D82000A7DD7E /* HealthyMenu.xcdatamodel */ = {isa = PBXFileReference; lastKnownFileType = wrapper.xcdatamodel; path = HealthyMenu.xcdatamodel; sourceTree = "<group>"; };
		8772CE621D81D82000A7DD7E /* Assets.xcassets */ = {isa = PBXFileReference; lastKnownFileType = folder.assetcatalog; path = Assets.xcassets; sourceTree = "<group>"; };
		8772CE651D81D82000A7DD7E /* Base */ = {isa = PBXFileReference; lastKnownFileType = file.storyboard; name = Base; path = Base.lproj/LaunchScreen.storyboard; sourceTree = "<group>"; };
		8772CE671D81D82000A7DD7E /* Info.plist */ = {isa = PBXFileReference; lastKnownFileType = text.plist.xml; path = Info.plist; sourceTree = "<group>"; };
		8772CE6C1D81D82000A7DD7E /* HealthyMenuTests.xctest */ = {isa = PBXFileReference; explicitFileType = wrapper.cfbundle; includeInIndex = 0; path = HealthyMenuTests.xctest; sourceTree = BUILT_PRODUCTS_DIR; };
		8772CE701D81D82000A7DD7E /* HealthyMenuTests.swift */ = {isa = PBXFileReference; lastKnownFileType = sourcecode.swift; path = HealthyMenuTests.swift; sourceTree = "<group>"; };
		8772CE721D81D82000A7DD7E /* Info.plist */ = {isa = PBXFileReference; lastKnownFileType = text.plist.xml; path = Info.plist; sourceTree = "<group>"; };
		8772CE771D81D82000A7DD7E /* HealthyMenuUITests.xctest */ = {isa = PBXFileReference; explicitFileType = wrapper.cfbundle; includeInIndex = 0; path = HealthyMenuUITests.xctest; sourceTree = BUILT_PRODUCTS_DIR; };
		8772CE7B1D81D82000A7DD7E /* HealthyMenuUITests.swift */ = {isa = PBXFileReference; lastKnownFileType = sourcecode.swift; path = HealthyMenuUITests.swift; sourceTree = "<group>"; };
		8772CE7D1D81D82000A7DD7E /* Info.plist */ = {isa = PBXFileReference; lastKnownFileType = text.plist.xml; path = Info.plist; sourceTree = "<group>"; };
		8772CE891D81D91C00A7DD7E /* HomeView.swift */ = {isa = PBXFileReference; fileEncoding = 4; lastKnownFileType = sourcecode.swift; path = HomeView.swift; sourceTree = "<group>"; };
		8772CE8B1D81DB0800A7DD7E /* Extensions.swift */ = {isa = PBXFileReference; fileEncoding = 4; lastKnownFileType = sourcecode.swift; path = Extensions.swift; sourceTree = "<group>"; };
		877AD9491DE351760090683F /* SearchResultItem.swift */ = {isa = PBXFileReference; fileEncoding = 4; lastKnownFileType = sourcecode.swift; name = SearchResultItem.swift; path = ../SearchResultItem.swift; sourceTree = "<group>"; };
		877AD94D1DE3CAF50090683F /* ActivityIndicatorView.swift */ = {isa = PBXFileReference; fileEncoding = 4; lastKnownFileType = sourcecode.swift; path = ActivityIndicatorView.swift; sourceTree = "<group>"; };
		877AD94F1DE5073D0090683F /* CircledLabel.swift */ = {isa = PBXFileReference; fileEncoding = 4; lastKnownFileType = sourcecode.swift; path = CircledLabel.swift; sourceTree = "<group>"; };
		878F74401E809E1A00363A3B /* AppearanceManager.swift */ = {isa = PBXFileReference; fileEncoding = 4; lastKnownFileType = sourcecode.swift; path = AppearanceManager.swift; sourceTree = "<group>"; };
		879B3C201E78C2230070C14B /* MealSearchViewController.swift */ = {isa = PBXFileReference; fileEncoding = 4; lastKnownFileType = sourcecode.swift; path = MealSearchViewController.swift; sourceTree = "<group>"; };
		879B3C241E7ACC5F0070C14B /* GoalExtensions.swift */ = {isa = PBXFileReference; fileEncoding = 4; lastKnownFileType = sourcecode.swift; path = GoalExtensions.swift; sourceTree = "<group>"; };
		879B3C261E7ACD010070C14B /* DayExtension.swift */ = {isa = PBXFileReference; fileEncoding = 4; lastKnownFileType = sourcecode.swift; path = DayExtension.swift; sourceTree = "<group>"; };
		879B3C281E7ACD6B0070C14B /* FetchResquestExtensions.swift */ = {isa = PBXFileReference; fileEncoding = 4; lastKnownFileType = sourcecode.swift; path = FetchResquestExtensions.swift; sourceTree = "<group>"; };
		879B3C2A1E7ACDBC0070C14B /* ManagedObjectExtensions.swift */ = {isa = PBXFileReference; fileEncoding = 4; lastKnownFileType = sourcecode.swift; path = ManagedObjectExtensions.swift; sourceTree = "<group>"; };
		87ABB7851E555AA700024849 /* AddGoalView.xib */ = {isa = PBXFileReference; fileEncoding = 4; lastKnownFileType = file.xib; path = AddGoalView.xib; sourceTree = "<group>"; };
		87EE3CAF1E6FD8E3007B1EDF /* GoalDaysCircularChart.swift */ = {isa = PBXFileReference; fileEncoding = 4; lastKnownFileType = sourcecode.swift; path = GoalDaysCircularChart.swift; sourceTree = "<group>"; };
		87F46E6F1E36BE3100230225 /* HistoryViewController.swift */ = {isa = PBXFileReference; fileEncoding = 4; lastKnownFileType = sourcecode.swift; path = HistoryViewController.swift; sourceTree = "<group>"; };
		87FB48F91E4C043C0076049F /* ResetDayView.swift */ = {isa = PBXFileReference; fileEncoding = 4; lastKnownFileType = sourcecode.swift; name = ResetDayView.swift; path = ../ResetDayView.swift; sourceTree = "<group>"; };
/* End PBXFileReference section */

/* Begin PBXFrameworksBuildPhase section */
		8772CE521D81D82000A7DD7E /* Frameworks */ = {
			isa = PBXFrameworksBuildPhase;
			buildActionMask = 2147483647;
			files = (
			);
			runOnlyForDeploymentPostprocessing = 0;
		};
		8772CE691D81D82000A7DD7E /* Frameworks */ = {
			isa = PBXFrameworksBuildPhase;
			buildActionMask = 2147483647;
			files = (
			);
			runOnlyForDeploymentPostprocessing = 0;
		};
		8772CE741D81D82000A7DD7E /* Frameworks */ = {
			isa = PBXFrameworksBuildPhase;
			buildActionMask = 2147483647;
			files = (
			);
			runOnlyForDeploymentPostprocessing = 0;
		};
/* End PBXFrameworksBuildPhase section */

/* Begin PBXGroup section */
		8736ACC91DEF41FB00C19CC9 /* Add Meal View */ = {
			isa = PBXGroup;
			children = (
				8736ACC71DEF41F300C19CC9 /* AddMealView.swift */,
				873FC6FA1E5BEBC700DCCE6F /* AddMealView.xib */,
			);
			name = "Add Meal View";
			sourceTree = "<group>";
		};
		873FC6F71E5BCFA200DCCE6F /* AddGoalView */ = {
			isa = PBXGroup;
			children = (
				8712DE0F1E5530AD00859F59 /* AddGoalView.swift */,
				87ABB7851E555AA700024849 /* AddGoalView.xib */,
			);
			name = AddGoalView;
			sourceTree = "<group>";
		};
		877012BE1E77801E002FF9E3 /* FillerCell */ = {
			isa = PBXGroup;
			children = (
				877012B51E777A2D002FF9E3 /* MealSearhResultCell.swift */,
				877012B91E778008002FF9E3 /* FillerCell.swift */,
			);
			name = FillerCell;
			sourceTree = "<group>";
		};
		8772CE4C1D81D82000A7DD7E = {
			isa = PBXGroup;
			children = (
				8772CE571D81D82000A7DD7E /* HealthyMenu */,
				8772CE6F1D81D82000A7DD7E /* HealthyMenuTests */,
				8772CE7A1D81D82000A7DD7E /* HealthyMenuUITests */,
				8772CE561D81D82000A7DD7E /* Products */,
			);
			sourceTree = "<group>";
		};
		8772CE561D81D82000A7DD7E /* Products */ = {
			isa = PBXGroup;
			children = (
				8772CE551D81D82000A7DD7E /* HealthyMenu.app */,
				8772CE6C1D81D82000A7DD7E /* HealthyMenuTests.xctest */,
				8772CE771D81D82000A7DD7E /* HealthyMenuUITests.xctest */,
			);
			name = Products;
			sourceTree = "<group>";
		};
		8772CE571D81D82000A7DD7E /* HealthyMenu */ = {
			isa = PBXGroup;
			children = (
				8772CE581D81D82000A7DD7E /* AppDelegate.swift */,
				8772CE5C1D81D82000A7DD7E /* Main.storyboard */,
				878F74401E809E1A00363A3B /* AppearanceManager.swift */,
				8772CE8B1D81DB0800A7DD7E /* Extensions.swift */,
				879B3C2A1E7ACDBC0070C14B /* ManagedObjectExtensions.swift */,
				879B3C281E7ACD6B0070C14B /* FetchResquestExtensions.swift */,
				879B3C241E7ACC5F0070C14B /* GoalExtensions.swift */,
				879B3C261E7ACD010070C14B /* DayExtension.swift */,
				872E9D481E282BBD007536D5 /* PersistantStorageCoordinator.swift */,
				87D4DB6F1DB5ADC400000FCE /* HomeView */,
				87D4DB721DB5AE0500000FCE /* Menus View */,
				8772CE621D81D82000A7DD7E /* Assets.xcassets */,
				8772CE641D81D82000A7DD7E /* LaunchScreen.storyboard */,
				8772CE671D81D82000A7DD7E /* Info.plist */,
				8772CE5F1D81D82000A7DD7E /* HealthyMenu.xcdatamodeld */,
			);
			path = HealthyMenu;
			sourceTree = "<group>";
		};
		8772CE6F1D81D82000A7DD7E /* HealthyMenuTests */ = {
			isa = PBXGroup;
			children = (
				8772CE701D81D82000A7DD7E /* HealthyMenuTests.swift */,
				8772CE721D81D82000A7DD7E /* Info.plist */,
			);
			path = HealthyMenuTests;
			sourceTree = "<group>";
		};
		8772CE7A1D81D82000A7DD7E /* HealthyMenuUITests */ = {
			isa = PBXGroup;
			children = (
				8772CE7B1D81D82000A7DD7E /* HealthyMenuUITests.swift */,
				8772CE7D1D81D82000A7DD7E /* Info.plist */,
			);
			path = HealthyMenuUITests;
			sourceTree = "<group>";
		};
		87D4DB6F1DB5ADC400000FCE /* HomeView */ = {
			isa = PBXGroup;
			children = (
				8772CE891D81D91C00A7DD7E /* HomeView.swift */,
				8736ACBD1DED0FDC00C19CC9 /* CircularProgressLabel.swift */,
				877AD94F1DE5073D0090683F /* CircledLabel.swift */,
				87FB48FC1E4D1C850076049F /* ResetDayView */,
				87FB48FB1E4D1C7B0076049F /* AddProteinOptionsView */,
				873FC6F71E5BCFA200DCCE6F /* AddGoalView */,
				8736ACC91DEF41FB00C19CC9 /* Add Meal View */,
				87F46E711E36BE4100230225 /* GoalsHistory */,
			);
			name = HomeView;
			sourceTree = "<group>";
		};
		87D4DB721DB5AE0500000FCE /* Menus View */ = {
			isa = PBXGroup;
			children = (
				879B3C201E78C2230070C14B /* MealSearchViewController.swift */,
				877AD9491DE351760090683F /* SearchResultItem.swift */,
				877AD94D1DE3CAF50090683F /* ActivityIndicatorView.swift */,
				877012BE1E77801E002FF9E3 /* FillerCell */,
			);
			name = "Menus View";
			sourceTree = "<group>";
		};
		87F46E711E36BE4100230225 /* GoalsHistory */ = {
			isa = PBXGroup;
			children = (
				87F46E6F1E36BE3100230225 /* HistoryViewController.swift */,
				8733C53D1E64E2F900B67BA4 /* GoalsPickerViewDataSource.swift */,
				87EE3CAF1E6FD8E3007B1EDF /* GoalDaysCircularChart.swift */,
			);
			name = GoalsHistory;
			sourceTree = "<group>";
		};
		87FB48FB1E4D1C7B0076049F /* AddProteinOptionsView */ = {
			isa = PBXGroup;
			children = (
				8736ACBF1DED1DFD00C19CC9 /* AddProteinOptionsView.swift */,
			);
			name = AddProteinOptionsView;
			sourceTree = "<group>";
		};
		87FB48FC1E4D1C850076049F /* ResetDayView */ = {
			isa = PBXGroup;
			children = (
				87FB48F91E4C043C0076049F /* ResetDayView.swift */,
				8737E0231E5BFB2400C53E60 /* ResetDayView.xib */,
			);
			name = ResetDayView;
			sourceTree = "<group>";
		};
/* End PBXGroup section */

/* Begin PBXNativeTarget section */
		8772CE541D81D82000A7DD7E /* HealthyMenu */ = {
			isa = PBXNativeTarget;
			buildConfigurationList = 8772CE801D81D82000A7DD7E /* Build configuration list for PBXNativeTarget "HealthyMenu" */;
			buildPhases = (
				8772CE511D81D82000A7DD7E /* Sources */,
				8772CE521D81D82000A7DD7E /* Frameworks */,
				8772CE531D81D82000A7DD7E /* Resources */,
			);
			buildRules = (
			);
			dependencies = (
			);
			name = HealthyMenu;
			productName = HealthyMenu;
			productReference = 8772CE551D81D82000A7DD7E /* HealthyMenu.app */;
			productType = "com.apple.product-type.application";
		};
		8772CE6B1D81D82000A7DD7E /* HealthyMenuTests */ = {
			isa = PBXNativeTarget;
			buildConfigurationList = 8772CE831D81D82000A7DD7E /* Build configuration list for PBXNativeTarget "HealthyMenuTests" */;
			buildPhases = (
				8772CE681D81D82000A7DD7E /* Sources */,
				8772CE691D81D82000A7DD7E /* Frameworks */,
				8772CE6A1D81D82000A7DD7E /* Resources */,
			);
			buildRules = (
			);
			dependencies = (
				8772CE6E1D81D82000A7DD7E /* PBXTargetDependency */,
			);
			name = HealthyMenuTests;
			productName = HealthyMenuTests;
			productReference = 8772CE6C1D81D82000A7DD7E /* HealthyMenuTests.xctest */;
			productType = "com.apple.product-type.bundle.unit-test";
		};
		8772CE761D81D82000A7DD7E /* HealthyMenuUITests */ = {
			isa = PBXNativeTarget;
			buildConfigurationList = 8772CE861D81D82000A7DD7E /* Build configuration list for PBXNativeTarget "HealthyMenuUITests" */;
			buildPhases = (
				8772CE731D81D82000A7DD7E /* Sources */,
				8772CE741D81D82000A7DD7E /* Frameworks */,
				8772CE751D81D82000A7DD7E /* Resources */,
			);
			buildRules = (
			);
			dependencies = (
				8772CE791D81D82000A7DD7E /* PBXTargetDependency */,
			);
			name = HealthyMenuUITests;
			productName = HealthyMenuUITests;
			productReference = 8772CE771D81D82000A7DD7E /* HealthyMenuUITests.xctest */;
			productType = "com.apple.product-type.bundle.ui-testing";
		};
/* End PBXNativeTarget section */

/* Begin PBXProject section */
		8772CE4D1D81D82000A7DD7E /* Project object */ = {
			isa = PBXProject;
			attributes = {
				LastSwiftUpdateCheck = 0730;
				LastUpgradeCheck = 0800;
				ORGANIZATIONNAME = "Gamaliel Tellez";
				TargetAttributes = {
					8772CE541D81D82000A7DD7E = {
						CreatedOnToolsVersion = 7.3.1;
						DevelopmentTeam = FCJBBVX9H7;
						LastSwiftMigration = 0800;
					};
					8772CE6B1D81D82000A7DD7E = {
						CreatedOnToolsVersion = 7.3.1;
						LastSwiftMigration = 0800;
						TestTargetID = 8772CE541D81D82000A7DD7E;
					};
					8772CE761D81D82000A7DD7E = {
						CreatedOnToolsVersion = 7.3.1;
						LastSwiftMigration = 0800;
						TestTargetID = 8772CE541D81D82000A7DD7E;
					};
				};
			};
			buildConfigurationList = 8772CE501D81D82000A7DD7E /* Build configuration list for PBXProject "HealthyMenu" */;
			compatibilityVersion = "Xcode 3.2";
			developmentRegion = English;
			hasScannedForEncodings = 0;
			knownRegions = (
				en,
				Base,
			);
			mainGroup = 8772CE4C1D81D82000A7DD7E;
			productRefGroup = 8772CE561D81D82000A7DD7E /* Products */;
			projectDirPath = "";
			projectRoot = "";
			targets = (
				8772CE541D81D82000A7DD7E /* HealthyMenu */,
				8772CE6B1D81D82000A7DD7E /* HealthyMenuTests */,
				8772CE761D81D82000A7DD7E /* HealthyMenuUITests */,
			);
		};
/* End PBXProject section */

/* Begin PBXResourcesBuildPhase section */
		8772CE531D81D82000A7DD7E /* Resources */ = {
			isa = PBXResourcesBuildPhase;
			buildActionMask = 2147483647;
			files = (
				873FC6FB1E5BEBC700DCCE6F /* AddMealView.xib in Resources */,
				8772CE661D81D82000A7DD7E /* LaunchScreen.storyboard in Resources */,
				8772CE631D81D82000A7DD7E /* Assets.xcassets in Resources */,
				8737E0241E5BFB2400C53E60 /* ResetDayView.xib in Resources */,
				8772CE5E1D81D82000A7DD7E /* Main.storyboard in Resources */,
				87ABB7861E555AA700024849 /* AddGoalView.xib in Resources */,
			);
			runOnlyForDeploymentPostprocessing = 0;
		};
		8772CE6A1D81D82000A7DD7E /* Resources */ = {
			isa = PBXResourcesBuildPhase;
			buildActionMask = 2147483647;
			files = (
			);
			runOnlyForDeploymentPostprocessing = 0;
		};
		8772CE751D81D82000A7DD7E /* Resources */ = {
			isa = PBXResourcesBuildPhase;
			buildActionMask = 2147483647;
			files = (
			);
			runOnlyForDeploymentPostprocessing = 0;
		};
/* End PBXResourcesBuildPhase section */

/* Begin PBXSourcesBuildPhase section */
		8772CE511D81D82000A7DD7E /* Sources */ = {
			isa = PBXSourcesBuildPhase;
			buildActionMask = 2147483647;
			files = (
				8736ACBE1DED0FDC00C19CC9 /* CircularProgressLabel.swift in Sources */,
				879B3C2B1E7ACDBC0070C14B /* ManagedObjectExtensions.swift in Sources */,
				877012BB1E778008002FF9E3 /* FillerCell.swift in Sources */,
				8712DE101E5530AD00859F59 /* AddGoalView.swift in Sources */,
				877AD9501DE5073D0090683F /* CircledLabel.swift in Sources */,
				8772CE8A1D81D91C00A7DD7E /* HomeView.swift in Sources */,
				879B3C291E7ACD6B0070C14B /* FetchResquestExtensions.swift in Sources */,
				8736ACC01DED1DFD00C19CC9 /* AddProteinOptionsView.swift in Sources */,
				8772CE611D81D82000A7DD7E /* HealthyMenu.xcdatamodeld in Sources */,
				879B3C211E78C2230070C14B /* MealSearchViewController.swift in Sources */,
				877AD94A1DE351760090683F /* SearchResultItem.swift in Sources */,
				8736ACC81DEF41F300C19CC9 /* AddMealView.swift in Sources */,
				877AD94E1DE3CAF50090683F /* ActivityIndicatorView.swift in Sources */,
				872E9D491E282BBD007536D5 /* PersistantStorageCoordinator.swift in Sources */,
				87F46E701E36BE3100230225 /* HistoryViewController.swift in Sources */,
				8733C53E1E64E2F900B67BA4 /* GoalsPickerViewDataSource.swift in Sources */,
				877012B71E777A2D002FF9E3 /* MealSearhResultCell.swift in Sources */,
				87EE3CB01E6FD8E3007B1EDF /* GoalDaysCircularChart.swift in Sources */,
				879B3C251E7ACC5F0070C14B /* GoalExtensions.swift in Sources */,
				87FB48FA1E4C043C0076049F /* ResetDayView.swift in Sources */,
				8772CE591D81D82000A7DD7E /* AppDelegate.swift in Sources */,
				879B3C271E7ACD010070C14B /* DayExtension.swift in Sources */,
				8772CE8C1D81DB0800A7DD7E /* Extensions.swift in Sources */,
				878F74411E809E1A00363A3B /* AppearanceManager.swift in Sources */,
			);
			runOnlyForDeploymentPostprocessing = 0;
		};
		8772CE681D81D82000A7DD7E /* Sources */ = {
			isa = PBXSourcesBuildPhase;
			buildActionMask = 2147483647;
			files = (
				8772CE711D81D82000A7DD7E /* HealthyMenuTests.swift in Sources */,
			);
			runOnlyForDeploymentPostprocessing = 0;
		};
		8772CE731D81D82000A7DD7E /* Sources */ = {
			isa = PBXSourcesBuildPhase;
			buildActionMask = 2147483647;
			files = (
				8772CE7C1D81D82000A7DD7E /* HealthyMenuUITests.swift in Sources */,
			);
			runOnlyForDeploymentPostprocessing = 0;
		};
/* End PBXSourcesBuildPhase section */

/* Begin PBXTargetDependency section */
		8772CE6E1D81D82000A7DD7E /* PBXTargetDependency */ = {
			isa = PBXTargetDependency;
			target = 8772CE541D81D82000A7DD7E /* HealthyMenu */;
			targetProxy = 8772CE6D1D81D82000A7DD7E /* PBXContainerItemProxy */;
		};
		8772CE791D81D82000A7DD7E /* PBXTargetDependency */ = {
			isa = PBXTargetDependency;
			target = 8772CE541D81D82000A7DD7E /* HealthyMenu */;
			targetProxy = 8772CE781D81D82000A7DD7E /* PBXContainerItemProxy */;
		};
/* End PBXTargetDependency section */

/* Begin PBXVariantGroup section */
		8772CE5C1D81D82000A7DD7E /* Main.storyboard */ = {
			isa = PBXVariantGroup;
			children = (
				8772CE5D1D81D82000A7DD7E /* Base */,
			);
			name = Main.storyboard;
			sourceTree = "<group>";
		};
		8772CE641D81D82000A7DD7E /* LaunchScreen.storyboard */ = {
			isa = PBXVariantGroup;
			children = (
				8772CE651D81D82000A7DD7E /* Base */,
			);
			name = LaunchScreen.storyboard;
			sourceTree = "<group>";
		};
/* End PBXVariantGroup section */

/* Begin XCBuildConfiguration section */
		8772CE7E1D81D82000A7DD7E /* Debug */ = {
			isa = XCBuildConfiguration;
			buildSettings = {
				ALWAYS_SEARCH_USER_PATHS = NO;
				CLANG_ANALYZER_NONNULL = YES;
				CLANG_CXX_LANGUAGE_STANDARD = "gnu++0x";
				CLANG_CXX_LIBRARY = "libc++";
				CLANG_ENABLE_MODULES = YES;
				CLANG_ENABLE_OBJC_ARC = YES;
				CLANG_WARN_BOOL_CONVERSION = YES;
				CLANG_WARN_CONSTANT_CONVERSION = YES;
				CLANG_WARN_DIRECT_OBJC_ISA_USAGE = YES_ERROR;
				CLANG_WARN_EMPTY_BODY = YES;
				CLANG_WARN_ENUM_CONVERSION = YES;
				CLANG_WARN_INFINITE_RECURSION = YES;
				CLANG_WARN_INT_CONVERSION = YES;
				CLANG_WARN_OBJC_ROOT_CLASS = YES_ERROR;
				CLANG_WARN_SUSPICIOUS_MOVE = YES;
				CLANG_WARN_UNREACHABLE_CODE = YES;
				CLANG_WARN__DUPLICATE_METHOD_MATCH = YES;
				"CODE_SIGN_IDENTITY[sdk=iphoneos*]" = "iPhone Developer";
				COPY_PHASE_STRIP = NO;
				DEBUG_INFORMATION_FORMAT = dwarf;
				ENABLE_STRICT_OBJC_MSGSEND = YES;
				ENABLE_TESTABILITY = YES;
				GCC_C_LANGUAGE_STANDARD = gnu99;
				GCC_DYNAMIC_NO_PIC = NO;
				GCC_NO_COMMON_BLOCKS = YES;
				GCC_OPTIMIZATION_LEVEL = 0;
				GCC_PREPROCESSOR_DEFINITIONS = (
					"DEBUG=1",
					"$(inherited)",
				);
				GCC_WARN_64_TO_32_BIT_CONVERSION = YES;
				GCC_WARN_ABOUT_RETURN_TYPE = YES_ERROR;
				GCC_WARN_UNDECLARED_SELECTOR = YES;
				GCC_WARN_UNINITIALIZED_AUTOS = YES_AGGRESSIVE;
				GCC_WARN_UNUSED_FUNCTION = YES;
				GCC_WARN_UNUSED_VARIABLE = YES;
				IPHONEOS_DEPLOYMENT_TARGET = 10.0;
				MTL_ENABLE_DEBUG_INFO = YES;
				ONLY_ACTIVE_ARCH = YES;
				SDKROOT = iphoneos;
				SWIFT_OPTIMIZATION_LEVEL = "-Onone";
				TARGETED_DEVICE_FAMILY = "1,2";
			};
			name = Debug;
		};
		8772CE7F1D81D82000A7DD7E /* Release */ = {
			isa = XCBuildConfiguration;
			buildSettings = {
				ALWAYS_SEARCH_USER_PATHS = NO;
				CLANG_ANALYZER_NONNULL = YES;
				CLANG_CXX_LANGUAGE_STANDARD = "gnu++0x";
				CLANG_CXX_LIBRARY = "libc++";
				CLANG_ENABLE_MODULES = YES;
				CLANG_ENABLE_OBJC_ARC = YES;
				CLANG_WARN_BOOL_CONVERSION = YES;
				CLANG_WARN_CONSTANT_CONVERSION = YES;
				CLANG_WARN_DIRECT_OBJC_ISA_USAGE = YES_ERROR;
				CLANG_WARN_EMPTY_BODY = YES;
				CLANG_WARN_ENUM_CONVERSION = YES;
				CLANG_WARN_INFINITE_RECURSION = YES;
				CLANG_WARN_INT_CONVERSION = YES;
				CLANG_WARN_OBJC_ROOT_CLASS = YES_ERROR;
				CLANG_WARN_SUSPICIOUS_MOVE = YES;
				CLANG_WARN_UNREACHABLE_CODE = YES;
				CLANG_WARN__DUPLICATE_METHOD_MATCH = YES;
				"CODE_SIGN_IDENTITY[sdk=iphoneos*]" = "iPhone Developer";
				COPY_PHASE_STRIP = NO;
				DEBUG_INFORMATION_FORMAT = "dwarf-with-dsym";
				ENABLE_NS_ASSERTIONS = NO;
				ENABLE_STRICT_OBJC_MSGSEND = YES;
				GCC_C_LANGUAGE_STANDARD = gnu99;
				GCC_NO_COMMON_BLOCKS = YES;
				GCC_WARN_64_TO_32_BIT_CONVERSION = YES;
				GCC_WARN_ABOUT_RETURN_TYPE = YES_ERROR;
				GCC_WARN_UNDECLARED_SELECTOR = YES;
				GCC_WARN_UNINITIALIZED_AUTOS = YES_AGGRESSIVE;
				GCC_WARN_UNUSED_FUNCTION = YES;
				GCC_WARN_UNUSED_VARIABLE = YES;
				IPHONEOS_DEPLOYMENT_TARGET = 10.0;
				MTL_ENABLE_DEBUG_INFO = NO;
				SDKROOT = iphoneos;
				SWIFT_OPTIMIZATION_LEVEL = "-Owholemodule";
				TARGETED_DEVICE_FAMILY = "1,2";
				VALIDATE_PRODUCT = YES;
			};
			name = Release;
		};
		8772CE811D81D82000A7DD7E /* Debug */ = {
			isa = XCBuildConfiguration;
			buildSettings = {
				ASSETCATALOG_COMPILER_APPICON_NAME = AppIcon;
				DEVELOPMENT_TEAM = FCJBBVX9H7;
				INFOPLIST_FILE = HealthyMenu/Info.plist;
				LD_RUNPATH_SEARCH_PATHS = "$(inherited) @executable_path/Frameworks";
				PRODUCT_BUNDLE_IDENTIFIER = gamaTellez.HealthyMenu;
				PRODUCT_NAME = "$(TARGET_NAME)";
				SWIFT_VERSION = 3.0;
				TARGETED_DEVICE_FAMILY = "1,2";
			};
			name = Debug;
		};
		8772CE821D81D82000A7DD7E /* Release */ = {
			isa = XCBuildConfiguration;
			buildSettings = {
				ASSETCATALOG_COMPILER_APPICON_NAME = AppIcon;
				DEVELOPMENT_TEAM = FCJBBVX9H7;
				INFOPLIST_FILE = HealthyMenu/Info.plist;
				LD_RUNPATH_SEARCH_PATHS = "$(inherited) @executable_path/Frameworks";
				PRODUCT_BUNDLE_IDENTIFIER = gamaTellez.HealthyMenu;
				PRODUCT_NAME = "$(TARGET_NAME)";
				SWIFT_VERSION = 3.0;
				TARGETED_DEVICE_FAMILY = "1,2";
			};
			name = Release;
		};
		8772CE841D81D82000A7DD7E /* Debug */ = {
			isa = XCBuildConfiguration;
			buildSettings = {
				BUNDLE_LOADER = "$(TEST_HOST)";
				INFOPLIST_FILE = HealthyMenuTests/Info.plist;
				LD_RUNPATH_SEARCH_PATHS = "$(inherited) @executable_path/Frameworks @loader_path/Frameworks";
				PRODUCT_BUNDLE_IDENTIFIER = gamaTellez.HealthyMenuTests;
				PRODUCT_NAME = "$(TARGET_NAME)";
				SWIFT_VERSION = 3.0;
				TEST_HOST = "$(BUILT_PRODUCTS_DIR)/HealthyMenu.app/HealthyMenu";
			};
			name = Debug;
		};
		8772CE851D81D82000A7DD7E /* Release */ = {
			isa = XCBuildConfiguration;
			buildSettings = {
				BUNDLE_LOADER = "$(TEST_HOST)";
				INFOPLIST_FILE = HealthyMenuTests/Info.plist;
				LD_RUNPATH_SEARCH_PATHS = "$(inherited) @executable_path/Frameworks @loader_path/Frameworks";
				PRODUCT_BUNDLE_IDENTIFIER = gamaTellez.HealthyMenuTests;
				PRODUCT_NAME = "$(TARGET_NAME)";
				SWIFT_VERSION = 3.0;
				TEST_HOST = "$(BUILT_PRODUCTS_DIR)/HealthyMenu.app/HealthyMenu";
			};
			name = Release;
		};
		8772CE871D81D82000A7DD7E /* Debug */ = {
			isa = XCBuildConfiguration;
			buildSettings = {
				INFOPLIST_FILE = HealthyMenuUITests/Info.plist;
				LD_RUNPATH_SEARCH_PATHS = "$(inherited) @executable_path/Frameworks @loader_path/Frameworks";
				PRODUCT_BUNDLE_IDENTIFIER = gamaTellez.HealthyMenuUITests;
				PRODUCT_NAME = "$(TARGET_NAME)";
				SWIFT_VERSION = 3.0;
				TEST_TARGET_NAME = HealthyMenu;
			};
			name = Debug;
		};
		8772CE881D81D82000A7DD7E /* Release */ = {
			isa = XCBuildConfiguration;
			buildSettings = {
				INFOPLIST_FILE = HealthyMenuUITests/Info.plist;
				LD_RUNPATH_SEARCH_PATHS = "$(inherited) @executable_path/Frameworks @loader_path/Frameworks";
				PRODUCT_BUNDLE_IDENTIFIER = gamaTellez.HealthyMenuUITests;
				PRODUCT_NAME = "$(TARGET_NAME)";
				SWIFT_VERSION = 3.0;
				TEST_TARGET_NAME = HealthyMenu;
			};
			name = Release;
		};
/* End XCBuildConfiguration section */

/* Begin XCConfigurationList section */
		8772CE501D81D82000A7DD7E /* Build configuration list for PBXProject "HealthyMenu" */ = {
			isa = XCConfigurationList;
			buildConfigurations = (
				8772CE7E1D81D82000A7DD7E /* Debug */,
				8772CE7F1D81D82000A7DD7E /* Release */,
			);
			defaultConfigurationIsVisible = 0;
			defaultConfigurationName = Release;
		};
		8772CE801D81D82000A7DD7E /* Build configuration list for PBXNativeTarget "HealthyMenu" */ = {
			isa = XCConfigurationList;
			buildConfigurations = (
				8772CE811D81D82000A7DD7E /* Debug */,
				8772CE821D81D82000A7DD7E /* Release */,
			);
			defaultConfigurationIsVisible = 0;
			defaultConfigurationName = Release;
		};
		8772CE831D81D82000A7DD7E /* Build configuration list for PBXNativeTarget "HealthyMenuTests" */ = {
			isa = XCConfigurationList;
			buildConfigurations = (
				8772CE841D81D82000A7DD7E /* Debug */,
				8772CE851D81D82000A7DD7E /* Release */,
			);
			defaultConfigurationIsVisible = 0;
			defaultConfigurationName = Release;
		};
		8772CE861D81D82000A7DD7E /* Build configuration list for PBXNativeTarget "HealthyMenuUITests" */ = {
			isa = XCConfigurationList;
			buildConfigurations = (
				8772CE871D81D82000A7DD7E /* Debug */,
				8772CE881D81D82000A7DD7E /* Release */,
			);
			defaultConfigurationIsVisible = 0;
			defaultConfigurationName = Release;
		};
/* End XCConfigurationList section */

/* Begin XCVersionGroup section */
		8772CE5F1D81D82000A7DD7E /* HealthyMenu.xcdatamodeld */ = {
			isa = XCVersionGroup;
			children = (
				8772CE601D81D82000A7DD7E /* HealthyMenu.xcdatamodel */,
			);
			currentVersion = 8772CE601D81D82000A7DD7E /* HealthyMenu.xcdatamodel */;
			path = HealthyMenu.xcdatamodeld;
			sourceTree = "<group>";
			versionGroupType = wrapper.xcdatamodel;
		};
/* End XCVersionGroup section */
	};
	rootObject = 8772CE4D1D81D82000A7DD7E /* Project object */;
}
