// !$*UTF8*$!
{
	archiveVersion = 1;
	classes = {
	};
	objectVersion = 46;
	objects = {

/* Begin PBXBuildFile section */
		8742FD1E1DE00983009B3CD6 /* SortingOptionsView.swift in Sources */ = {isa = PBXBuildFile; fileRef = 8742FD1D1DE00983009B3CD6 /* SortingOptionsView.swift */; };
		876D55FD1DB2C01B00AA5F2F /* Restaurant.swift in Sources */ = {isa = PBXBuildFile; fileRef = 876D55FC1DB2C01B00AA5F2F /* Restaurant.swift */; };
		876D56011DB3312200AA5F2F /* RestaurantsDataSource.swift in Sources */ = {isa = PBXBuildFile; fileRef = 876D56001DB3312200AA5F2F /* RestaurantsDataSource.swift */; };
		8772CE591D81D82000A7DD7E /* AppDelegate.swift in Sources */ = {isa = PBXBuildFile; fileRef = 8772CE581D81D82000A7DD7E /* AppDelegate.swift */; };
		8772CE5E1D81D82000A7DD7E /* Main.storyboard in Resources */ = {isa = PBXBuildFile; fileRef = 8772CE5C1D81D82000A7DD7E /* Main.storyboard */; };
		8772CE611D81D82000A7DD7E /* HealthyMenu.xcdatamodeld in Sources */ = {isa = PBXBuildFile; fileRef = 8772CE5F1D81D82000A7DD7E /* HealthyMenu.xcdatamodeld */; };
		8772CE631D81D82000A7DD7E /* Assets.xcassets in Resources */ = {isa = PBXBuildFile; fileRef = 8772CE621D81D82000A7DD7E /* Assets.xcassets */; };
		8772CE661D81D82000A7DD7E /* LaunchScreen.storyboard in Resources */ = {isa = PBXBuildFile; fileRef = 8772CE641D81D82000A7DD7E /* LaunchScreen.storyboard */; };
		8772CE711D81D82000A7DD7E /* HealthyMenuTests.swift in Sources */ = {isa = PBXBuildFile; fileRef = 8772CE701D81D82000A7DD7E /* HealthyMenuTests.swift */; };
		8772CE7C1D81D82000A7DD7E /* HealthyMenuUITests.swift in Sources */ = {isa = PBXBuildFile; fileRef = 8772CE7B1D81D82000A7DD7E /* HealthyMenuUITests.swift */; };
		8772CE8A1D81D91C00A7DD7E /* HomeView.swift in Sources */ = {isa = PBXBuildFile; fileRef = 8772CE891D81D91C00A7DD7E /* HomeView.swift */; };
		8772CE8C1D81DB0800A7DD7E /* Extensions.swift in Sources */ = {isa = PBXBuildFile; fileRef = 8772CE8B1D81DB0800A7DD7E /* Extensions.swift */; };
		878216C01DBE8AA2008EFA58 /* MenuItem.swift in Sources */ = {isa = PBXBuildFile; fileRef = 878216BF1DBE8AA2008EFA58 /* MenuItem.swift */; };
		878216C21DBEF84D008EFA58 /* MenuItemCell.swift in Sources */ = {isa = PBXBuildFile; fileRef = 878216C11DBEF84D008EFA58 /* MenuItemCell.swift */; };
		87D4DB6E1DB5ADB700000FCE /* RestaurantMenuVC.swift in Sources */ = {isa = PBXBuildFile; fileRef = 87D4DB6D1DB5ADB700000FCE /* RestaurantMenuVC.swift */; };
		87D4DB711DB5ADF200000FCE /* MenusDataSource.swift in Sources */ = {isa = PBXBuildFile; fileRef = 87D4DB701DB5ADF200000FCE /* MenusDataSource.swift */; };
/* End PBXBuildFile section */

/* Begin PBXContainerItemProxy section */
		8772CE6D1D81D82000A7DD7E /* PBXContainerItemProxy */ = {
			isa = PBXContainerItemProxy;
			containerPortal = 8772CE4D1D81D82000A7DD7E /* Project object */;
			proxyType = 1;
			remoteGlobalIDString = 8772CE541D81D82000A7DD7E;
			remoteInfo = HealthyMenu;
		};
		8772CE781D81D82000A7DD7E /* PBXContainerItemProxy */ = {
			isa = PBXContainerItemProxy;
			containerPortal = 8772CE4D1D81D82000A7DD7E /* Project object */;
			proxyType = 1;
			remoteGlobalIDString = 8772CE541D81D82000A7DD7E;
			remoteInfo = HealthyMenu;
		};
/* End PBXContainerItemProxy section */

/* Begin PBXFileReference section */
		8742FD1D1DE00983009B3CD6 /* SortingOptionsView.swift */ = {isa = PBXFileReference; fileEncoding = 4; lastKnownFileType = sourcecode.swift; name = SortingOptionsView.swift; path = ../SortingOptionsView.swift; sourceTree = "<group>"; };
		876D55FC1DB2C01B00AA5F2F /* Restaurant.swift */ = {isa = PBXFileReference; fileEncoding = 4; lastKnownFileType = sourcecode.swift; name = Restaurant.swift; path = ../Restaurant.swift; sourceTree = "<group>"; };
		876D56001DB3312200AA5F2F /* RestaurantsDataSource.swift */ = {isa = PBXFileReference; fileEncoding = 4; lastKnownFileType = sourcecode.swift; name = RestaurantsDataSource.swift; path = ../RestaurantsDataSource.swift; sourceTree = "<group>"; };
		8772CE551D81D82000A7DD7E /* HealthyMenu.app */ = {isa = PBXFileReference; explicitFileType = wrapper.application; includeInIndex = 0; path = HealthyMenu.app; sourceTree = BUILT_PRODUCTS_DIR; };
		8772CE581D81D82000A7DD7E /* AppDelegate.swift */ = {isa = PBXFileReference; lastKnownFileType = sourcecode.swift; path = AppDelegate.swift; sourceTree = "<group>"; };
		8772CE5D1D81D82000A7DD7E /* Base */ = {isa = PBXFileReference; lastKnownFileType = file.storyboard; name = Base; path = Base.lproj/Main.storyboard; sourceTree = "<group>"; };
		8772CE601D81D82000A7DD7E /* HealthyMenu.xcdatamodel */ = {isa = PBXFileReference; lastKnownFileType = wrapper.xcdatamodel; path = HealthyMenu.xcdatamodel; sourceTree = "<group>"; };
		8772CE621D81D82000A7DD7E /* Assets.xcassets */ = {isa = PBXFileReference; lastKnownFileType = folder.assetcatalog; path = Assets.xcassets; sourceTree = "<group>"; };
		8772CE651D81D82000A7DD7E /* Base */ = {isa = PBXFileReference; lastKnownFileType = file.storyboard; name = Base; path = Base.lproj/LaunchScreen.storyboard; sourceTree = "<group>"; };
		8772CE671D81D82000A7DD7E /* Info.plist */ = {isa = PBXFileReference; lastKnownFileType = text.plist.xml; path = Info.plist; sourceTree = "<group>"; };
		8772CE6C1D81D82000A7DD7E /* HealthyMenuTests.xctest */ = {isa = PBXFileReference; explicitFileType = wrapper.cfbundle; includeInIndex = 0; path = HealthyMenuTests.xctest; sourceTree = BUILT_PRODUCTS_DIR; };
		8772CE701D81D82000A7DD7E /* HealthyMenuTests.swift */ = {isa = PBXFileReference; lastKnownFileType = sourcecode.swift; path = HealthyMenuTests.swift; sourceTree = "<group>"; };
		8772CE721D81D82000A7DD7E /* Info.plist */ = {isa = PBXFileReference; lastKnownFileType = text.plist.xml; path = Info.plist; sourceTree = "<group>"; };
		8772CE771D81D82000A7DD7E /* HealthyMenuUITests.xctest */ = {isa = PBXFileReference; explicitFileType = wrapper.cfbundle; includeInIndex = 0; path = HealthyMenuUITests.xctest; sourceTree = BUILT_PRODUCTS_DIR; };
		8772CE7B1D81D82000A7DD7E /* HealthyMenuUITests.swift */ = {isa = PBXFileReference; lastKnownFileType = sourcecode.swift; path = HealthyMenuUITests.swift; sourceTree = "<group>"; };
		8772CE7D1D81D82000A7DD7E /* Info.plist */ = {isa = PBXFileReference; lastKnownFileType = text.plist.xml; path = Info.plist; sourceTree = "<group>"; };
		8772CE891D81D91C00A7DD7E /* HomeView.swift */ = {isa = PBXFileReference; fileEncoding = 4; lastKnownFileType = sourcecode.swift; path = HomeView.swift; sourceTree = "<group>"; };
		8772CE8B1D81DB0800A7DD7E /* Extensions.swift */ = {isa = PBXFileReference; fileEncoding = 4; lastKnownFileType = sourcecode.swift; path = Extensions.swift; sourceTree = "<group>"; };
		878216BF1DBE8AA2008EFA58 /* MenuItem.swift */ = {isa = PBXFileReference; fileEncoding = 4; lastKnownFileType = sourcecode.swift; path = MenuItem.swift; sourceTree = "<group>"; };
		878216C11DBEF84D008EFA58 /* MenuItemCell.swift */ = {isa = PBXFileReference; fileEncoding = 4; lastKnownFileType = sourcecode.swift; path = MenuItemCell.swift; sourceTree = "<group>"; };
		87D4DB6D1DB5ADB700000FCE /* RestaurantMenuVC.swift */ = {isa = PBXFileReference; fileEncoding = 4; lastKnownFileType = sourcecode.swift; path = RestaurantMenuVC.swift; sourceTree = "<group>"; };
		87D4DB701DB5ADF200000FCE /* MenusDataSource.swift */ = {isa = PBXFileReference; fileEncoding = 4; lastKnownFileType = sourcecode.swift; path = MenusDataSource.swift; sourceTree = "<group>"; };
/* End PBXFileReference section */

/* Begin PBXFrameworksBuildPhase section */
		8772CE521D81D82000A7DD7E /* Frameworks */ = {
			isa = PBXFrameworksBuildPhase;
			buildActionMask = 2147483647;
			files = (
			);
			runOnlyForDeploymentPostprocessing = 0;
		};
		8772CE691D81D82000A7DD7E /* Frameworks */ = {
			isa = PBXFrameworksBuildPhase;
			buildActionMask = 2147483647;
			files = (
			);
			runOnlyForDeploymentPostprocessing = 0;
		};
		8772CE741D81D82000A7DD7E /* Frameworks */ = {
			isa = PBXFrameworksBuildPhase;
			buildActionMask = 2147483647;
			files = (
			);
			runOnlyForDeploymentPostprocessing = 0;
		};
/* End PBXFrameworksBuildPhase section */

/* Begin PBXGroup section */
		8772CE4C1D81D82000A7DD7E = {
			isa = PBXGroup;
			children = (
				8772CE571D81D82000A7DD7E /* HealthyMenu */,
				8772CE6F1D81D82000A7DD7E /* HealthyMenuTests */,
				8772CE7A1D81D82000A7DD7E /* HealthyMenuUITests */,
				8772CE561D81D82000A7DD7E /* Products */,
			);
			sourceTree = "<group>";
		};
		8772CE561D81D82000A7DD7E /* Products */ = {
			isa = PBXGroup;
			children = (
				8772CE551D81D82000A7DD7E /* HealthyMenu.app */,
				8772CE6C1D81D82000A7DD7E /* HealthyMenuTests.xctest */,
				8772CE771D81D82000A7DD7E /* HealthyMenuUITests.xctest */,
			);
			name = Products;
			sourceTree = "<group>";
		};
		8772CE571D81D82000A7DD7E /* HealthyMenu */ = {
			isa = PBXGroup;
			children = (
				8772CE581D81D82000A7DD7E /* AppDelegate.swift */,
				8772CE5C1D81D82000A7DD7E /* Main.storyboard */,
				8772CE8B1D81DB0800A7DD7E /* Extensions.swift */,
				878216BF1DBE8AA2008EFA58 /* MenuItem.swift */,
				876D55FC1DB2C01B00AA5F2F /* Restaurant.swift */,
				87D4DB6F1DB5ADC400000FCE /* HomeView */,
				87D4DB721DB5AE0500000FCE /* Menus View */,
				8772CE621D81D82000A7DD7E /* Assets.xcassets */,
				8772CE641D81D82000A7DD7E /* LaunchScreen.storyboard */,
				8772CE671D81D82000A7DD7E /* Info.plist */,
				8772CE5F1D81D82000A7DD7E /* HealthyMenu.xcdatamodeld */,
			);
			path = HealthyMenu;
			sourceTree = "<group>";
		};
		8772CE6F1D81D82000A7DD7E /* HealthyMenuTests */ = {
			isa = PBXGroup;
			children = (
				8772CE701D81D82000A7DD7E /* HealthyMenuTests.swift */,
				8772CE721D81D82000A7DD7E /* Info.plist */,
			);
			path = HealthyMenuTests;
			sourceTree = "<group>";
		};
		8772CE7A1D81D82000A7DD7E /* HealthyMenuUITests */ = {
			isa = PBXGroup;
			children = (
				8772CE7B1D81D82000A7DD7E /* HealthyMenuUITests.swift */,
				8772CE7D1D81D82000A7DD7E /* Info.plist */,
			);
			path = HealthyMenuUITests;
			sourceTree = "<group>";
		};
		87D4DB6F1DB5ADC400000FCE /* HomeView */ = {
			isa = PBXGroup;
			children = (
				8772CE891D81D91C00A7DD7E /* HomeView.swift */,
				876D56001DB3312200AA5F2F /* RestaurantsDataSource.swift */,
			);
			name = HomeView;
			sourceTree = "<group>";
		};
		87D4DB721DB5AE0500000FCE /* Menus View */ = {
			isa = PBXGroup;
			children = (
				878216C11DBEF84D008EFA58 /* MenuItemCell.swift */,
				87D4DB701DB5ADF200000FCE /* MenusDataSource.swift */,
				87D4DB6D1DB5ADB700000FCE /* RestaurantMenuVC.swift */,
				8742FD1D1DE00983009B3CD6 /* SortingOptionsView.swift */,
			);
			name = "Menus View";
			sourceTree = "<group>";
		};
/* End PBXGroup section */

/* Begin PBXNativeTarget section */
		8772CE541D81D82000A7DD7E /* HealthyMenu */ = {
			isa = PBXNativeTarget;
			buildConfigurationList = 8772CE801D81D82000A7DD7E /* Build configuration list for PBXNativeTarget "HealthyMenu" */;
			buildPhases = (
				8772CE511D81D82000A7DD7E /* Sources */,
				8772CE521D81D82000A7DD7E /* Frameworks */,
				8772CE531D81D82000A7DD7E /* Resources */,
			);
			buildRules = (
			);
			dependencies = (
			);
			name = HealthyMenu;
			productName = HealthyMenu;
			productReference = 8772CE551D81D82000A7DD7E /* HealthyMenu.app */;
			productType = "com.apple.product-type.application";
		};
		8772CE6B1D81D82000A7DD7E /* HealthyMenuTests */ = {
			isa = PBXNativeTarget;
			buildConfigurationList = 8772CE831D81D82000A7DD7E /* Build configuration list for PBXNativeTarget "HealthyMenuTests" */;
			buildPhases = (
				8772CE681D81D82000A7DD7E /* Sources */,
				8772CE691D81D82000A7DD7E /* Frameworks */,
				8772CE6A1D81D82000A7DD7E /* Resources */,
			);
			buildRules = (
			);
			dependencies = (
				8772CE6E1D81D82000A7DD7E /* PBXTargetDependency */,
			);
			name = HealthyMenuTests;
			productName = HealthyMenuTests;
			productReference = 8772CE6C1D81D82000A7DD7E /* HealthyMenuTests.xctest */;
			productType = "com.apple.product-type.bundle.unit-test";
		};
		8772CE761D81D82000A7DD7E /* HealthyMenuUITests */ = {
			isa = PBXNativeTarget;
			buildConfigurationList = 8772CE861D81D82000A7DD7E /* Build configuration list for PBXNativeTarget "HealthyMenuUITests" */;
			buildPhases = (
				8772CE731D81D82000A7DD7E /* Sources */,
				8772CE741D81D82000A7DD7E /* Frameworks */,
				8772CE751D81D82000A7DD7E /* Resources */,
			);
			buildRules = (
			);
			dependencies = (
				8772CE791D81D82000A7DD7E /* PBXTargetDependency */,
			);
			name = HealthyMenuUITests;
			productName = HealthyMenuUITests;
			productReference = 8772CE771D81D82000A7DD7E /* HealthyMenuUITests.xctest */;
			productType = "com.apple.product-type.bundle.ui-testing";
		};
/* End PBXNativeTarget section */

/* Begin PBXProject section */
		8772CE4D1D81D82000A7DD7E /* Project object */ = {
			isa = PBXProject;
			attributes = {
				LastSwiftUpdateCheck = 0730;
				LastUpgradeCheck = 0800;
				ORGANIZATIONNAME = "Gamaliel Tellez";
				TargetAttributes = {
					8772CE541D81D82000A7DD7E = {
						CreatedOnToolsVersion = 7.3.1;
						DevelopmentTeam = FCJBBVX9H7;
						LastSwiftMigration = 0800;
					};
					8772CE6B1D81D82000A7DD7E = {
						CreatedOnToolsVersion = 7.3.1;
						LastSwiftMigration = 0800;
						TestTargetID = 8772CE541D81D82000A7DD7E;
					};
					8772CE761D81D82000A7DD7E = {
						CreatedOnToolsVersion = 7.3.1;
						LastSwiftMigration = 0800;
						TestTargetID = 8772CE541D81D82000A7DD7E;
					};
				};
			};
			buildConfigurationList = 8772CE501D81D82000A7DD7E /* Build configuration list for PBXProject "HealthyMenu" */;
			compatibilityVersion = "Xcode 3.2";
			developmentRegion = English;
			hasScannedForEncodings = 0;
			knownRegions = (
				en,
				Base,
			);
			mainGroup = 8772CE4C1D81D82000A7DD7E;
			productRefGroup = 8772CE561D81D82000A7DD7E /* Products */;
			projectDirPath = "";
			projectRoot = "";
			targets = (
				8772CE541D81D82000A7DD7E /* HealthyMenu */,
				8772CE6B1D81D82000A7DD7E /* HealthyMenuTests */,
				8772CE761D81D82000A7DD7E /* HealthyMenuUITests */,
			);
		};
/* End PBXProject section */

/* Begin PBXResourcesBuildPhase section */
		8772CE531D81D82000A7DD7E /* Resources */ = {
			isa = PBXResourcesBuildPhase;
			buildActionMask = 2147483647;
			files = (
				8772CE661D81D82000A7DD7E /* LaunchScreen.storyboard in Resources */,
				8772CE631D81D82000A7DD7E /* Assets.xcassets in Resources */,
				8772CE5E1D81D82000A7DD7E /* Main.storyboard in Resources */,
			);
			runOnlyForDeploymentPostprocessing = 0;
		};
		8772CE6A1D81D82000A7DD7E /* Resources */ = {
			isa = PBXResourcesBuildPhase;
			buildActionMask = 2147483647;
			files = (
			);
			runOnlyForDeploymentPostprocessing = 0;
		};
		8772CE751D81D82000A7DD7E /* Resources */ = {
			isa = PBXResourcesBuildPhase;
			buildActionMask = 2147483647;
			files = (
			);
			runOnlyForDeploymentPostprocessing = 0;
		};
/* End PBXResourcesBuildPhase section */

/* Begin PBXSourcesBuildPhase section */
		8772CE511D81D82000A7DD7E /* Sources */ = {
			isa = PBXSourcesBuildPhase;
			buildActionMask = 2147483647;
			files = (
				8772CE8A1D81D91C00A7DD7E /* HomeView.swift in Sources */,
				876D56011DB3312200AA5F2F /* RestaurantsDataSource.swift in Sources */,
				8742FD1E1DE00983009B3CD6 /* SortingOptionsView.swift in Sources */,
				8772CE611D81D82000A7DD7E /* HealthyMenu.xcdatamodeld in Sources */,
				878216C21DBEF84D008EFA58 /* MenuItemCell.swift in Sources */,
				87D4DB711DB5ADF200000FCE /* MenusDataSource.swift in Sources */,
				87D4DB6E1DB5ADB700000FCE /* RestaurantMenuVC.swift in Sources */,
				876D55FD1DB2C01B00AA5F2F /* Restaurant.swift in Sources */,
				878216C01DBE8AA2008EFA58 /* MenuItem.swift in Sources */,
				8772CE591D81D82000A7DD7E /* AppDelegate.swift in Sources */,
				8772CE8C1D81DB0800A7DD7E /* Extensions.swift in Sources */,
			);
			runOnlyForDeploymentPostprocessing = 0;
		};
		8772CE681D81D82000A7DD7E /* Sources */ = {
			isa = PBXSourcesBuildPhase;
			buildActionMask = 2147483647;
			files = (
				8772CE711D81D82000A7DD7E /* HealthyMenuTests.swift in Sources */,
			);
			runOnlyForDeploymentPostprocessing = 0;
		};
		8772CE731D81D82000A7DD7E /* Sources */ = {
			isa = PBXSourcesBuildPhase;
			buildActionMask = 2147483647;
			files = (
				8772CE7C1D81D82000A7DD7E /* HealthyMenuUITests.swift in Sources */,
			);
			runOnlyForDeploymentPostprocessing = 0;
		};
/* End PBXSourcesBuildPhase section */

/* Begin PBXTargetDependency section */
		8772CE6E1D81D82000A7DD7E /* PBXTargetDependency */ = {
			isa = PBXTargetDependency;
			target = 8772CE541D81D82000A7DD7E /* HealthyMenu */;
			targetProxy = 8772CE6D1D81D82000A7DD7E /* PBXContainerItemProxy */;
		};
		8772CE791D81D82000A7DD7E /* PBXTargetDependency */ = {
			isa = PBXTargetDependency;
			target = 8772CE541D81D82000A7DD7E /* HealthyMenu */;
			targetProxy = 8772CE781D81D82000A7DD7E /* PBXContainerItemProxy */;
		};
/* End PBXTargetDependency section */

/* Begin PBXVariantGroup section */
		8772CE5C1D81D82000A7DD7E /* Main.storyboard */ = {
			isa = PBXVariantGroup;
			children = (
				8772CE5D1D81D82000A7DD7E /* Base */,
			);
			name = Main.storyboard;
			sourceTree = "<group>";
		};
		8772CE641D81D82000A7DD7E /* LaunchScreen.storyboard */ = {
			isa = PBXVariantGroup;
			children = (
				8772CE651D81D82000A7DD7E /* Base */,
			);
			name = LaunchScreen.storyboard;
			sourceTree = "<group>";
		};
/* End PBXVariantGroup section */

/* Begin XCBuildConfiguration section */
		8772CE7E1D81D82000A7DD7E /* Debug */ = {
			isa = XCBuildConfiguration;
			buildSettings = {
				ALWAYS_SEARCH_USER_PATHS = NO;
				CLANG_ANALYZER_NONNULL = YES;
				CLANG_CXX_LANGUAGE_STANDARD = "gnu++0x";
				CLANG_CXX_LIBRARY = "libc++";
				CLANG_ENABLE_MODULES = YES;
				CLANG_ENABLE_OBJC_ARC = YES;
				CLANG_WARN_BOOL_CONVERSION = YES;
				CLANG_WARN_CONSTANT_CONVERSION = YES;
				CLANG_WARN_DIRECT_OBJC_ISA_USAGE = YES_ERROR;
				CLANG_WARN_EMPTY_BODY = YES;
				CLANG_WARN_ENUM_CONVERSION = YES;
				CLANG_WARN_INFINITE_RECURSION = YES;
				CLANG_WARN_INT_CONVERSION = YES;
				CLANG_WARN_OBJC_ROOT_CLASS = YES_ERROR;
				CLANG_WARN_SUSPICIOUS_MOVE = YES;
				CLANG_WARN_UNREACHABLE_CODE = YES;
				CLANG_WARN__DUPLICATE_METHOD_MATCH = YES;
				"CODE_SIGN_IDENTITY[sdk=iphoneos*]" = "iPhone Developer";
				COPY_PHASE_STRIP = NO;
				DEBUG_INFORMATION_FORMAT = dwarf;
				ENABLE_STRICT_OBJC_MSGSEND = YES;
				ENABLE_TESTABILITY = YES;
				GCC_C_LANGUAGE_STANDARD = gnu99;
				GCC_DYNAMIC_NO_PIC = NO;
				GCC_NO_COMMON_BLOCKS = YES;
				GCC_OPTIMIZATION_LEVEL = 0;
				GCC_PREPROCESSOR_DEFINITIONS = (
					"DEBUG=1",
					"$(inherited)",
				);
				GCC_WARN_64_TO_32_BIT_CONVERSION = YES;
				GCC_WARN_ABOUT_RETURN_TYPE = YES_ERROR;
				GCC_WARN_UNDECLARED_SELECTOR = YES;
				GCC_WARN_UNINITIALIZED_AUTOS = YES_AGGRESSIVE;
				GCC_WARN_UNUSED_FUNCTION = YES;
				GCC_WARN_UNUSED_VARIABLE = YES;
				IPHONEOS_DEPLOYMENT_TARGET = 10.0;
				MTL_ENABLE_DEBUG_INFO = YES;
				ONLY_ACTIVE_ARCH = YES;
				SDKROOT = iphoneos;
				SWIFT_OPTIMIZATION_LEVEL = "-Onone";
				TARGETED_DEVICE_FAMILY = "1,2";
			};
			name = Debug;
		};
		8772CE7F1D81D82000A7DD7E /* Release */ = {
			isa = XCBuildConfiguration;
			buildSettings = {
				ALWAYS_SEARCH_USER_PATHS = NO;
				CLANG_ANALYZER_NONNULL = YES;
				CLANG_CXX_LANGUAGE_STANDARD = "gnu++0x";
				CLANG_CXX_LIBRARY = "libc++";
				CLANG_ENABLE_MODULES = YES;
				CLANG_ENABLE_OBJC_ARC = YES;
				CLANG_WARN_BOOL_CONVERSION = YES;
				CLANG_WARN_CONSTANT_CONVERSION = YES;
				CLANG_WARN_DIRECT_OBJC_ISA_USAGE = YES_ERROR;
				CLANG_WARN_EMPTY_BODY = YES;
				CLANG_WARN_ENUM_CONVERSION = YES;
				CLANG_WARN_INFINITE_RECURSION = YES;
				CLANG_WARN_INT_CONVERSION = YES;
				CLANG_WARN_OBJC_ROOT_CLASS = YES_ERROR;
				CLANG_WARN_SUSPICIOUS_MOVE = YES;
				CLANG_WARN_UNREACHABLE_CODE = YES;
				CLANG_WARN__DUPLICATE_METHOD_MATCH = YES;
				"CODE_SIGN_IDENTITY[sdk=iphoneos*]" = "iPhone Developer";
				COPY_PHASE_STRIP = NO;
				DEBUG_INFORMATION_FORMAT = "dwarf-with-dsym";
				ENABLE_NS_ASSERTIONS = NO;
				ENABLE_STRICT_OBJC_MSGSEND = YES;
				GCC_C_LANGUAGE_STANDARD = gnu99;
				GCC_NO_COMMON_BLOCKS = YES;
				GCC_WARN_64_TO_32_BIT_CONVERSION = YES;
				GCC_WARN_ABOUT_RETURN_TYPE = YES_ERROR;
				GCC_WARN_UNDECLARED_SELECTOR = YES;
				GCC_WARN_UNINITIALIZED_AUTOS = YES_AGGRESSIVE;
				GCC_WARN_UNUSED_FUNCTION = YES;
				GCC_WARN_UNUSED_VARIABLE = YES;
				IPHONEOS_DEPLOYMENT_TARGET = 10.0;
				MTL_ENABLE_DEBUG_INFO = NO;
				SDKROOT = iphoneos;
				SWIFT_OPTIMIZATION_LEVEL = "-Owholemodule";
				TARGETED_DEVICE_FAMILY = "1,2";
				VALIDATE_PRODUCT = YES;
			};
			name = Release;
		};
		8772CE811D81D82000A7DD7E /* Debug */ = {
			isa = XCBuildConfiguration;
			buildSettings = {
				ASSETCATALOG_COMPILER_APPICON_NAME = AppIcon;
				DEVELOPMENT_TEAM = FCJBBVX9H7;
				INFOPLIST_FILE = HealthyMenu/Info.plist;
				LD_RUNPATH_SEARCH_PATHS = "$(inherited) @executable_path/Frameworks";
				PRODUCT_BUNDLE_IDENTIFIER = gamaTellez.HealthyMenu;
				PRODUCT_NAME = "$(TARGET_NAME)";
				SWIFT_VERSION = 3.0;
				TARGETED_DEVICE_FAMILY = "1,2";
			};
			name = Debug;
		};
		8772CE821D81D82000A7DD7E /* Release */ = {
			isa = XCBuildConfiguration;
			buildSettings = {
				ASSETCATALOG_COMPILER_APPICON_NAME = AppIcon;
				DEVELOPMENT_TEAM = FCJBBVX9H7;
				INFOPLIST_FILE = HealthyMenu/Info.plist;
				LD_RUNPATH_SEARCH_PATHS = "$(inherited) @executable_path/Frameworks";
				PRODUCT_BUNDLE_IDENTIFIER = gamaTellez.HealthyMenu;
				PRODUCT_NAME = "$(TARGET_NAME)";
				SWIFT_VERSION = 3.0;
				TARGETED_DEVICE_FAMILY = "1,2";
			};
			name = Release;
		};
		8772CE841D81D82000A7DD7E /* Debug */ = {
			isa = XCBuildConfiguration;
			buildSettings = {
				BUNDLE_LOADER = "$(TEST_HOST)";
				INFOPLIST_FILE = HealthyMenuTests/Info.plist;
				LD_RUNPATH_SEARCH_PATHS = "$(inherited) @executable_path/Frameworks @loader_path/Frameworks";
				PRODUCT_BUNDLE_IDENTIFIER = gamaTellez.HealthyMenuTests;
				PRODUCT_NAME = "$(TARGET_NAME)";
				SWIFT_VERSION = 3.0;
				TEST_HOST = "$(BUILT_PRODUCTS_DIR)/HealthyMenu.app/HealthyMenu";
			};
			name = Debug;
		};
		8772CE851D81D82000A7DD7E /* Release */ = {
			isa = XCBuildConfiguration;
			buildSettings = {
				BUNDLE_LOADER = "$(TEST_HOST)";
				INFOPLIST_FILE = HealthyMenuTests/Info.plist;
				LD_RUNPATH_SEARCH_PATHS = "$(inherited) @executable_path/Frameworks @loader_path/Frameworks";
				PRODUCT_BUNDLE_IDENTIFIER = gamaTellez.HealthyMenuTests;
				PRODUCT_NAME = "$(TARGET_NAME)";
				SWIFT_VERSION = 3.0;
				TEST_HOST = "$(BUILT_PRODUCTS_DIR)/HealthyMenu.app/HealthyMenu";
			};
			name = Release;
		};
		8772CE871D81D82000A7DD7E /* Debug */ = {
			isa = XCBuildConfiguration;
			buildSettings = {
				INFOPLIST_FILE = HealthyMenuUITests/Info.plist;
				LD_RUNPATH_SEARCH_PATHS = "$(inherited) @executable_path/Frameworks @loader_path/Frameworks";
				PRODUCT_BUNDLE_IDENTIFIER = gamaTellez.HealthyMenuUITests;
				PRODUCT_NAME = "$(TARGET_NAME)";
				SWIFT_VERSION = 3.0;
				TEST_TARGET_NAME = HealthyMenu;
			};
			name = Debug;
		};
		8772CE881D81D82000A7DD7E /* Release */ = {
			isa = XCBuildConfiguration;
			buildSettings = {
				INFOPLIST_FILE = HealthyMenuUITests/Info.plist;
				LD_RUNPATH_SEARCH_PATHS = "$(inherited) @executable_path/Frameworks @loader_path/Frameworks";
				PRODUCT_BUNDLE_IDENTIFIER = gamaTellez.HealthyMenuUITests;
				PRODUCT_NAME = "$(TARGET_NAME)";
				SWIFT_VERSION = 3.0;
				TEST_TARGET_NAME = HealthyMenu;
			};
			name = Release;
		};
/* End XCBuildConfiguration section */

/* Begin XCConfigurationList section */
		8772CE501D81D82000A7DD7E /* Build configuration list for PBXProject "HealthyMenu" */ = {
			isa = XCConfigurationList;
			buildConfigurations = (
				8772CE7E1D81D82000A7DD7E /* Debug */,
				8772CE7F1D81D82000A7DD7E /* Release */,
			);
			defaultConfigurationIsVisible = 0;
			defaultConfigurationName = Release;
		};
		8772CE801D81D82000A7DD7E /* Build configuration list for PBXNativeTarget "HealthyMenu" */ = {
			isa = XCConfigurationList;
			buildConfigurations = (
				8772CE811D81D82000A7DD7E /* Debug */,
				8772CE821D81D82000A7DD7E /* Release */,
			);
			defaultConfigurationIsVisible = 0;
			defaultConfigurationName = Release;
		};
		8772CE831D81D82000A7DD7E /* Build configuration list for PBXNativeTarget "HealthyMenuTests" */ = {
			isa = XCConfigurationList;
			buildConfigurations = (
				8772CE841D81D82000A7DD7E /* Debug */,
				8772CE851D81D82000A7DD7E /* Release */,
			);
			defaultConfigurationIsVisible = 0;
			defaultConfigurationName = Release;
		};
		8772CE861D81D82000A7DD7E /* Build configuration list for PBXNativeTarget "HealthyMenuUITests" */ = {
			isa = XCConfigurationList;
			buildConfigurations = (
				8772CE871D81D82000A7DD7E /* Debug */,
				8772CE881D81D82000A7DD7E /* Release */,
			);
			defaultConfigurationIsVisible = 0;
			defaultConfigurationName = Release;
		};
/* End XCConfigurationList section */

/* Begin XCVersionGroup section */
		8772CE5F1D81D82000A7DD7E /* HealthyMenu.xcdatamodeld */ = {
			isa = XCVersionGroup;
			children = (
				8772CE601D81D82000A7DD7E /* HealthyMenu.xcdatamodel */,
			);
			currentVersion = 8772CE601D81D82000A7DD7E /* HealthyMenu.xcdatamodel */;
			path = HealthyMenu.xcdatamodeld;
			sourceTree = "<group>";
			versionGroupType = wrapper.xcdatamodel;
		};
/* End XCVersionGroup section */
	};
	rootObject = 8772CE4D1D81D82000A7DD7E /* Project object */;
}
